
Microsoft Visual Studio Solution File, Format Version 12.00
# Visual Studio 14
VisualStudioVersion = 14.0.25420.1
MinimumVisualStudioVersion = 10.0.40219.1
Project("{FAE04EC0-301F-11D3-BF4B-00C04F79EFBC}") = "DCAdmin", "DCAdmin\DCAdmin.csproj", "{89F5FCA2-5F58-4380-9E24-7E2EBD087C2D}"
EndProject
Project("{FAE04EC0-301F-11D3-BF4B-00C04F79EFBC}") = "DCMarkerEF", "DCMarkerEF\DCMarkerEF.csproj", "{D67C6419-90EB-4236-B73F-757FCC6848E8}"
	ProjectSection(ProjectDependencies) = postProject
		{6D98C06D-7A94-4BE5-932C-733DF4BFA391} = {6D98C06D-7A94-4BE5-932C-733DF4BFA391}
	EndProjectSection
EndProject
Project("{FAE04EC0-301F-11D3-BF4B-00C04F79EFBC}") = "DCTcpServer", "DCTcpServer\DCTcpServer.csproj", "{C8958368-84A3-4292-BF65-6E1BB61C19D6}"
EndProject
Project("{FAE04EC0-301F-11D3-BF4B-00C04F79EFBC}") = "Configuration", "Configuration\Configuration.csproj", "{6D98C06D-7A94-4BE5-932C-733DF4BFA391}"
EndProject
Project("{FAE04EC0-301F-11D3-BF4B-00C04F79EFBC}") = "Contracts", "Contracts\Contracts.csproj", "{C32736B8-267F-4DCA-AAAA-7D781855D141}"
EndProject
Project("{FAE04EC0-301F-11D3-BF4B-00C04F79EFBC}") = "LaserWrapper", "LaserWrapper\LaserWrapper.csproj", "{D6C77639-1AA3-4BFC-9292-BF8BBEF84F14}"
EndProject
Project("{FAE04EC0-301F-11D3-BF4B-00C04F79EFBC}") = "TestTcpServer", "TestTcpServer\TestTcpServer.csproj", "{33CA4A70-6B00-4045-9354-DC8EC1245465}"
EndProject
Project("{FAE04EC0-301F-11D3-BF4B-00C04F79EFBC}") = "TestTcpClient", "TestTcpClient\TestTcpClient.csproj", "{F4647FD6-EADA-4F06-A551-1703AE98BB31}"
EndProject
Project("{FAE04EC0-301F-11D3-BF4B-00C04F79EFBC}") = "DCMarker", "DCMarker\DCMarker.csproj", "{B451DE04-3176-4EC5-81E7-01513DE63E36}"
EndProject
Project("{FAE04EC0-301F-11D3-BF4B-00C04F79EFBC}") = "DCWorkFlow", "DCWorkFlow\DCWorkFlow.csproj", "{3C3A0FA4-C9A4-4B85-A1BC-428A399F6B24}"
EndProject
Project("{930C7802-8A8C-48F9-8165-68863BCCD9DD}") = "SetupProject1", "SetupProject1\SetupProject1.wixproj", "{992FA754-4575-41A7-B2B6-96A509F35C9B}"
EndProject
Project("{FAE04EC0-301F-11D3-BF4B-00C04F79EFBC}") = "DCHistory", "DCHistory\DCHistory.csproj", "{646E7A4B-2205-4FA8-BDEF-BC04607F73F2}"
EndProject
Global
	GlobalSection(SolutionConfigurationPlatforms) = preSolution
		Debug|Any CPU = Debug|Any CPU
		Debug|x86 = Debug|x86
		Release|Any CPU = Release|Any CPU
		Release|x86 = Release|x86
	EndGlobalSection
	GlobalSection(ProjectConfigurationPlatforms) = postSolution
		{89F5FCA2-5F58-4380-9E24-7E2EBD087C2D}.Debug|Any CPU.ActiveCfg = Debug|Any CPU
		{89F5FCA2-5F58-4380-9E24-7E2EBD087C2D}.Debug|Any CPU.Build.0 = Debug|Any CPU
		{89F5FCA2-5F58-4380-9E24-7E2EBD087C2D}.Debug|x86.ActiveCfg = Debug|Any CPU
		{89F5FCA2-5F58-4380-9E24-7E2EBD087C2D}.Debug|x86.Build.0 = Debug|Any CPU
		{89F5FCA2-5F58-4380-9E24-7E2EBD087C2D}.Release|Any CPU.ActiveCfg = Release|Any CPU
		{89F5FCA2-5F58-4380-9E24-7E2EBD087C2D}.Release|Any CPU.Build.0 = Release|Any CPU
		{89F5FCA2-5F58-4380-9E24-7E2EBD087C2D}.Release|x86.ActiveCfg = Release|Any CPU
		{89F5FCA2-5F58-4380-9E24-7E2EBD087C2D}.Release|x86.Build.0 = Release|Any CPU
		{D67C6419-90EB-4236-B73F-757FCC6848E8}.Debug|Any CPU.ActiveCfg = Debug|Any CPU
		{D67C6419-90EB-4236-B73F-757FCC6848E8}.Debug|Any CPU.Build.0 = Debug|Any CPU
		{D67C6419-90EB-4236-B73F-757FCC6848E8}.Debug|x86.ActiveCfg = Debug|Any CPU
		{D67C6419-90EB-4236-B73F-757FCC6848E8}.Debug|x86.Build.0 = Debug|Any CPU
		{D67C6419-90EB-4236-B73F-757FCC6848E8}.Release|Any CPU.ActiveCfg = Release|Any CPU
		{D67C6419-90EB-4236-B73F-757FCC6848E8}.Release|Any CPU.Build.0 = Release|Any CPU
		{D67C6419-90EB-4236-B73F-757FCC6848E8}.Release|x86.ActiveCfg = Release|Any CPU
		{D67C6419-90EB-4236-B73F-757FCC6848E8}.Release|x86.Build.0 = Release|Any CPU
		{C8958368-84A3-4292-BF65-6E1BB61C19D6}.Debug|Any CPU.ActiveCfg = Debug|Any CPU
		{C8958368-84A3-4292-BF65-6E1BB61C19D6}.Debug|Any CPU.Build.0 = Debug|Any CPU
		{C8958368-84A3-4292-BF65-6E1BB61C19D6}.Debug|x86.ActiveCfg = Debug|Any CPU
		{C8958368-84A3-4292-BF65-6E1BB61C19D6}.Debug|x86.Build.0 = Debug|Any CPU
		{C8958368-84A3-4292-BF65-6E1BB61C19D6}.Release|Any CPU.ActiveCfg = Release|Any CPU
		{C8958368-84A3-4292-BF65-6E1BB61C19D6}.Release|Any CPU.Build.0 = Release|Any CPU
		{C8958368-84A3-4292-BF65-6E1BB61C19D6}.Release|x86.ActiveCfg = Release|Any CPU
		{C8958368-84A3-4292-BF65-6E1BB61C19D6}.Release|x86.Build.0 = Release|Any CPU
		{6D98C06D-7A94-4BE5-932C-733DF4BFA391}.Debug|Any CPU.ActiveCfg = Debug|Any CPU
		{6D98C06D-7A94-4BE5-932C-733DF4BFA391}.Debug|Any CPU.Build.0 = Debug|Any CPU
		{6D98C06D-7A94-4BE5-932C-733DF4BFA391}.Debug|x86.ActiveCfg = Debug|Any CPU
		{6D98C06D-7A94-4BE5-932C-733DF4BFA391}.Debug|x86.Build.0 = Debug|Any CPU
		{6D98C06D-7A94-4BE5-932C-733DF4BFA391}.Release|Any CPU.ActiveCfg = Release|Any CPU
		{6D98C06D-7A94-4BE5-932C-733DF4BFA391}.Release|Any CPU.Build.0 = Release|Any CPU
		{6D98C06D-7A94-4BE5-932C-733DF4BFA391}.Release|x86.ActiveCfg = Release|Any CPU
		{6D98C06D-7A94-4BE5-932C-733DF4BFA391}.Release|x86.Build.0 = Release|Any CPU
		{C32736B8-267F-4DCA-AAAA-7D781855D141}.Debug|Any CPU.ActiveCfg = Debug|Any CPU
		{C32736B8-267F-4DCA-AAAA-7D781855D141}.Debug|Any CPU.Build.0 = Debug|Any CPU
		{C32736B8-267F-4DCA-AAAA-7D781855D141}.Debug|x86.ActiveCfg = Debug|Any CPU
		{C32736B8-267F-4DCA-AAAA-7D781855D141}.Debug|x86.Build.0 = Debug|Any CPU
		{C32736B8-267F-4DCA-AAAA-7D781855D141}.Release|Any CPU.ActiveCfg = Release|Any CPU
		{C32736B8-267F-4DCA-AAAA-7D781855D141}.Release|Any CPU.Build.0 = Release|Any CPU
		{C32736B8-267F-4DCA-AAAA-7D781855D141}.Release|x86.ActiveCfg = Release|Any CPU
		{C32736B8-267F-4DCA-AAAA-7D781855D141}.Release|x86.Build.0 = Release|Any CPU
		{D6C77639-1AA3-4BFC-9292-BF8BBEF84F14}.Debug|Any CPU.ActiveCfg = Debug|Any CPU
		{D6C77639-1AA3-4BFC-9292-BF8BBEF84F14}.Debug|Any CPU.Build.0 = Debug|Any CPU
		{D6C77639-1AA3-4BFC-9292-BF8BBEF84F14}.Debug|x86.ActiveCfg = Debug|Any CPU
		{D6C77639-1AA3-4BFC-9292-BF8BBEF84F14}.Debug|x86.Build.0 = Debug|Any CPU
		{D6C77639-1AA3-4BFC-9292-BF8BBEF84F14}.Release|Any CPU.ActiveCfg = Release|Any CPU
		{D6C77639-1AA3-4BFC-9292-BF8BBEF84F14}.Release|Any CPU.Build.0 = Release|Any CPU
		{D6C77639-1AA3-4BFC-9292-BF8BBEF84F14}.Release|x86.ActiveCfg = Release|Any CPU
		{D6C77639-1AA3-4BFC-9292-BF8BBEF84F14}.Release|x86.Build.0 = Release|Any CPU
		{33CA4A70-6B00-4045-9354-DC8EC1245465}.Debug|Any CPU.ActiveCfg = Debug|Any CPU
		{33CA4A70-6B00-4045-9354-DC8EC1245465}.Debug|x86.ActiveCfg = Debug|Any CPU
		{33CA4A70-6B00-4045-9354-DC8EC1245465}.Debug|x86.Build.0 = Debug|Any CPU
		{33CA4A70-6B00-4045-9354-DC8EC1245465}.Release|Any CPU.ActiveCfg = Release|Any CPU
		{33CA4A70-6B00-4045-9354-DC8EC1245465}.Release|Any CPU.Build.0 = Release|Any CPU
		{33CA4A70-6B00-4045-9354-DC8EC1245465}.Release|x86.ActiveCfg = Release|Any CPU
		{33CA4A70-6B00-4045-9354-DC8EC1245465}.Release|x86.Build.0 = Release|Any CPU
		{F4647FD6-EADA-4F06-A551-1703AE98BB31}.Debug|Any CPU.ActiveCfg = Debug|Any CPU
		{F4647FD6-EADA-4F06-A551-1703AE98BB31}.Debug|x86.ActiveCfg = Debug|Any CPU
		{F4647FD6-EADA-4F06-A551-1703AE98BB31}.Debug|x86.Build.0 = Debug|Any CPU
		{F4647FD6-EADA-4F06-A551-1703AE98BB31}.Release|Any CPU.ActiveCfg = Release|Any CPU
		{F4647FD6-EADA-4F06-A551-1703AE98BB31}.Release|Any CPU.Build.0 = Release|Any CPU
		{F4647FD6-EADA-4F06-A551-1703AE98BB31}.Release|x86.ActiveCfg = Release|Any CPU
		{F4647FD6-EADA-4F06-A551-1703AE98BB31}.Release|x86.Build.0 = Release|Any CPU
		{B451DE04-3176-4EC5-81E7-01513DE63E36}.Debug|Any CPU.ActiveCfg = Debug|Any CPU
		{B451DE04-3176-4EC5-81E7-01513DE63E36}.Debug|Any CPU.Build.0 = Debug|Any CPU
		{B451DE04-3176-4EC5-81E7-01513DE63E36}.Debug|x86.ActiveCfg = Debug|Any CPU
		{B451DE04-3176-4EC5-81E7-01513DE63E36}.Debug|x86.Build.0 = Debug|Any CPU
		{B451DE04-3176-4EC5-81E7-01513DE63E36}.Release|Any CPU.ActiveCfg = Release|Any CPU
		{B451DE04-3176-4EC5-81E7-01513DE63E36}.Release|Any CPU.Build.0 = Release|Any CPU
		{B451DE04-3176-4EC5-81E7-01513DE63E36}.Release|x86.ActiveCfg = Release|Any CPU
		{B451DE04-3176-4EC5-81E7-01513DE63E36}.Release|x86.Build.0 = Release|Any CPU
		{3C3A0FA4-C9A4-4B85-A1BC-428A399F6B24}.Debug|Any CPU.ActiveCfg = Debug|Any CPU
		{3C3A0FA4-C9A4-4B85-A1BC-428A399F6B24}.Debug|Any CPU.Build.0 = Debug|Any CPU
		{3C3A0FA4-C9A4-4B85-A1BC-428A399F6B24}.Debug|x86.ActiveCfg = Debug|Any CPU
		{3C3A0FA4-C9A4-4B85-A1BC-428A399F6B24}.Debug|x86.Build.0 = Debug|Any CPU
		{3C3A0FA4-C9A4-4B85-A1BC-428A399F6B24}.Release|Any CPU.ActiveCfg = Release|Any CPU
		{3C3A0FA4-C9A4-4B85-A1BC-428A399F6B24}.Release|Any CPU.Build.0 = Release|Any CPU
		{3C3A0FA4-C9A4-4B85-A1BC-428A399F6B24}.Release|x86.ActiveCfg = Release|Any CPU
		{3C3A0FA4-C9A4-4B85-A1BC-428A399F6B24}.Release|x86.Build.0 = Release|Any CPU
		{992FA754-4575-41A7-B2B6-96A509F35C9B}.Debug|Any CPU.ActiveCfg = Debug|x86
		{992FA754-4575-41A7-B2B6-96A509F35C9B}.Debug|x86.ActiveCfg = Debug|x86
		{992FA754-4575-41A7-B2B6-96A509F35C9B}.Debug|x86.Build.0 = Debug|x86
		{992FA754-4575-41A7-B2B6-96A509F35C9B}.Release|Any CPU.ActiveCfg = Release|x86
		{992FA754-4575-41A7-B2B6-96A509F35C9B}.Release|x86.ActiveCfg = Release|x86
		{992FA754-4575-41A7-B2B6-96A509F35C9B}.Release|x86.Build.0 = Release|x86
		{646E7A4B-2205-4FA8-BDEF-BC04607F73F2}.Debug|Any CPU.ActiveCfg = Debug|Any CPU
		{646E7A4B-2205-4FA8-BDEF-BC04607F73F2}.Debug|Any CPU.Build.0 = Debug|Any CPU
		{646E7A4B-2205-4FA8-BDEF-BC04607F73F2}.Debug|x86.ActiveCfg = Debug|Any CPU
		{646E7A4B-2205-4FA8-BDEF-BC04607F73F2}.Debug|x86.Build.0 = Debug|Any CPU
		{646E7A4B-2205-4FA8-BDEF-BC04607F73F2}.Release|Any CPU.ActiveCfg = Release|Any CPU
		{646E7A4B-2205-4FA8-BDEF-BC04607F73F2}.Release|Any CPU.Build.0 = Release|Any CPU
		{646E7A4B-2205-4FA8-BDEF-BC04607F73F2}.Release|x86.ActiveCfg = Release|Any CPU
		{646E7A4B-2205-4FA8-BDEF-BC04607F73F2}.Release|x86.Build.0 = Release|Any CPU
	EndGlobalSection
	GlobalSection(SolutionProperties) = preSolution
		HideSolutionNode = FALSE
	EndGlobalSection
EndGlobal
