
Microsoft Visual Studio Solution File, Format Version 12.00
# Visual Studio 15
VisualStudioVersion = 15.0.28307.421
MinimumVisualStudioVersion = 10.0.40219.1
Project("{FAE04EC0-301F-11D3-BF4B-00C04F79EFBC}") = "DCAdmin", "DCAdmin\DCAdmin.csproj", "{89F5FCA2-5F58-4380-9E24-7E2EBD087C2D}"
EndProject
Project("{FAE04EC0-301F-11D3-BF4B-00C04F79EFBC}") = "DCMarkerEF", "DCMarkerEF\DCMarkerEF.csproj", "{D67C6419-90EB-4236-B73F-757FCC6848E8}"
	ProjectSection(ProjectDependencies) = postProject
		{6D98C06D-7A94-4BE5-932C-733DF4BFA391} = {6D98C06D-7A94-4BE5-932C-733DF4BFA391}
	EndProjectSection
EndProject
Project("{FAE04EC0-301F-11D3-BF4B-00C04F79EFBC}") = "DCTcpServer", "DCTcpServer\DCTcpServer.csproj", "{C8958368-84A3-4292-BF65-6E1BB61C19D6}"
EndProject
Project("{FAE04EC0-301F-11D3-BF4B-00C04F79EFBC}") = "Configuration", "Configuration\Configuration.csproj", "{6D98C06D-7A94-4BE5-932C-733DF4BFA391}"
EndProject
Project("{FAE04EC0-301F-11D3-BF4B-00C04F79EFBC}") = "Contracts", "Contracts\Contracts.csproj", "{C32736B8-267F-4DCA-AAAA-7D781855D141}"
EndProject
Project("{FAE04EC0-301F-11D3-BF4B-00C04F79EFBC}") = "LaserWrapper", "LaserWrapper\LaserWrapper.csproj", "{D6C77639-1AA3-4BFC-9292-BF8BBEF84F14}"
EndProject
Project("{FAE04EC0-301F-11D3-BF4B-00C04F79EFBC}") = "TestTcpServer", "TestTcpServer\TestTcpServer.csproj", "{33CA4A70-6B00-4045-9354-DC8EC1245465}"
EndProject
Project("{FAE04EC0-301F-11D3-BF4B-00C04F79EFBC}") = "TestTcpClient", "TestTcpClient\TestTcpClient.csproj", "{F4647FD6-EADA-4F06-A551-1703AE98BB31}"
EndProject
Project("{FAE04EC0-301F-11D3-BF4B-00C04F79EFBC}") = "DCMarker", "DCMarker\DCMarker.csproj", "{B451DE04-3176-4EC5-81E7-01513DE63E36}"
EndProject
Project("{FAE04EC0-301F-11D3-BF4B-00C04F79EFBC}") = "DCWorkFlow", "DCWorkFlow\DCWorkFlow.csproj", "{3C3A0FA4-C9A4-4B85-A1BC-428A399F6B24}"
EndProject
Project("{FAE04EC0-301F-11D3-BF4B-00C04F79EFBC}") = "DCHistory", "DCHistory\DCHistory.csproj", "{646E7A4B-2205-4FA8-BDEF-BC04607F73F2}"
EndProject
Project("{54435603-DBB4-11D2-8724-00A0C9A8B90C}") = "DCMarkerInstall", "DCMarkerInstall\DCMarkerInstall.vdproj", "{CBFD5E69-2EE6-4A6C-AC1B-A5E5223D1C67}"
EndProject
Project("{54435603-DBB4-11D2-8724-00A0C9A8B90C}") = "DCAdminInstall", "DCAdminInstall\DCAdminInstall.vdproj", "{841CF5A2-0E31-4242-8304-57E862E404F8}"
EndProject
Project("{FAE04EC0-301F-11D3-BF4B-00C04F79EFBC}") = "ValidationToolkit", "ValidationToolkit\ValidationToolkit.csproj", "{2B0B0EC8-3850-4786-B423-E9BD545186AB}"
EndProject
Project("{FAE04EC0-301F-11D3-BF4B-00C04F79EFBC}") = "DCAdminTest", "DCAdminTest\DCAdminTest.csproj", "{8736BDFF-E939-46FC-9502-9F319C46CA8A}"
EndProject
Project("{54435603-DBB4-11D2-8724-00A0C9A8B90C}") = "TestTcpServerInstall", "TestTcpServerInstall\TestTcpServerInstall.vdproj", "{775EE088-52C1-4B90-B091-9A780B836A8E}"
EndProject
Project("{FAE04EC0-301F-11D3-BF4B-00C04F79EFBC}") = "DCAdam", "DCAdam\DCAdam\DCAdam.csproj", "{24EF1AB1-97E7-46AE-9B9F-2108503E5436}"
EndProject
Project("{FAE04EC0-301F-11D3-BF4B-00C04F79EFBC}") = "CommunicationService", "DCAdam\CommunicationService\CommunicationService.csproj", "{14CE5FEE-AF7B-4262-A99F-3B9C3E723FB7}"
	ProjectSection(ProjectDependencies) = postProject
		{6D98C06D-7A94-4BE5-932C-733DF4BFA391} = {6D98C06D-7A94-4BE5-932C-733DF4BFA391}
	EndProjectSection
EndProject
Project("{FAE04EC0-301F-11D3-BF4B-00C04F79EFBC}") = "DCLog", "DCLog\DCLog.csproj", "{F0AD10CA-C138-469E-8A99-CB12B3D364A2}"
EndProject
Project("{FAE04EC0-301F-11D3-BF4B-00C04F79EFBC}") = "PlcSimulator", "PlcSimulator\PlcSimulator.csproj", "{93446D31-2A0C-4AD4-8572-C56B5D2B2C4D}"
EndProject
Project("{FAE04EC0-301F-11D3-BF4B-00C04F79EFBC}") = "TestAdamComm", "TestAdamComm\TestAdamComm.csproj", "{AEEBE63E-0201-4709-9F09-5A8E00A9DC21}"
EndProject
Project("{FAE04EC0-301F-11D3-BF4B-00C04F79EFBC}") = "CommunicationServiceTests", "DCAdam\CommunicationServiceTests\CommunicationServiceTests.csproj", "{4DCC3108-EDB9-4A36-983E-A1A210CED1DF}"
EndProject
Global
	GlobalSection(SolutionConfigurationPlatforms) = preSolution
		Debug|Any CPU = Debug|Any CPU
		Debug|x86 = Debug|x86
		DebugLocal|Any CPU = DebugLocal|Any CPU
		DebugLocal|x86 = DebugLocal|x86
		Release|Any CPU = Release|Any CPU
		Release|x86 = Release|x86
		ReleaseTEST|Any CPU = ReleaseTEST|Any CPU
		ReleaseTEST|x86 = ReleaseTEST|x86
	EndGlobalSection
	GlobalSection(ProjectConfigurationPlatforms) = postSolution
		{89F5FCA2-5F58-4380-9E24-7E2EBD087C2D}.Debug|Any CPU.ActiveCfg = Debug|Any CPU
		{89F5FCA2-5F58-4380-9E24-7E2EBD087C2D}.Debug|Any CPU.Build.0 = Debug|Any CPU
		{89F5FCA2-5F58-4380-9E24-7E2EBD087C2D}.Debug|x86.ActiveCfg = Debug|Any CPU
		{89F5FCA2-5F58-4380-9E24-7E2EBD087C2D}.Debug|x86.Build.0 = Debug|Any CPU
		{89F5FCA2-5F58-4380-9E24-7E2EBD087C2D}.DebugLocal|Any CPU.ActiveCfg = Debug|Any CPU
		{89F5FCA2-5F58-4380-9E24-7E2EBD087C2D}.DebugLocal|Any CPU.Build.0 = Debug|Any CPU
		{89F5FCA2-5F58-4380-9E24-7E2EBD087C2D}.DebugLocal|x86.ActiveCfg = Debug|Any CPU
		{89F5FCA2-5F58-4380-9E24-7E2EBD087C2D}.DebugLocal|x86.Build.0 = Debug|Any CPU
		{89F5FCA2-5F58-4380-9E24-7E2EBD087C2D}.Release|Any CPU.ActiveCfg = Release|Any CPU
		{89F5FCA2-5F58-4380-9E24-7E2EBD087C2D}.Release|Any CPU.Build.0 = Release|Any CPU
		{89F5FCA2-5F58-4380-9E24-7E2EBD087C2D}.Release|x86.ActiveCfg = Release|Any CPU
		{89F5FCA2-5F58-4380-9E24-7E2EBD087C2D}.Release|x86.Build.0 = Release|Any CPU
		{89F5FCA2-5F58-4380-9E24-7E2EBD087C2D}.ReleaseTEST|Any CPU.ActiveCfg = Release|Any CPU
		{89F5FCA2-5F58-4380-9E24-7E2EBD087C2D}.ReleaseTEST|Any CPU.Build.0 = Release|Any CPU
		{89F5FCA2-5F58-4380-9E24-7E2EBD087C2D}.ReleaseTEST|x86.ActiveCfg = Release|Any CPU
		{89F5FCA2-5F58-4380-9E24-7E2EBD087C2D}.ReleaseTEST|x86.Build.0 = Release|Any CPU
		{D67C6419-90EB-4236-B73F-757FCC6848E8}.Debug|Any CPU.ActiveCfg = Debug|Any CPU
		{D67C6419-90EB-4236-B73F-757FCC6848E8}.Debug|Any CPU.Build.0 = Debug|Any CPU
		{D67C6419-90EB-4236-B73F-757FCC6848E8}.Debug|x86.ActiveCfg = Debug|Any CPU
		{D67C6419-90EB-4236-B73F-757FCC6848E8}.Debug|x86.Build.0 = Debug|Any CPU
		{D67C6419-90EB-4236-B73F-757FCC6848E8}.DebugLocal|Any CPU.ActiveCfg = Debug|Any CPU
		{D67C6419-90EB-4236-B73F-757FCC6848E8}.DebugLocal|Any CPU.Build.0 = Debug|Any CPU
		{D67C6419-90EB-4236-B73F-757FCC6848E8}.DebugLocal|x86.ActiveCfg = Debug|Any CPU
		{D67C6419-90EB-4236-B73F-757FCC6848E8}.DebugLocal|x86.Build.0 = Debug|Any CPU
		{D67C6419-90EB-4236-B73F-757FCC6848E8}.Release|Any CPU.ActiveCfg = Release|Any CPU
		{D67C6419-90EB-4236-B73F-757FCC6848E8}.Release|Any CPU.Build.0 = Release|Any CPU
		{D67C6419-90EB-4236-B73F-757FCC6848E8}.Release|x86.ActiveCfg = Release|Any CPU
		{D67C6419-90EB-4236-B73F-757FCC6848E8}.Release|x86.Build.0 = Release|Any CPU
		{D67C6419-90EB-4236-B73F-757FCC6848E8}.ReleaseTEST|Any CPU.ActiveCfg = Release|Any CPU
		{D67C6419-90EB-4236-B73F-757FCC6848E8}.ReleaseTEST|Any CPU.Build.0 = Release|Any CPU
		{D67C6419-90EB-4236-B73F-757FCC6848E8}.ReleaseTEST|x86.ActiveCfg = Release|Any CPU
		{D67C6419-90EB-4236-B73F-757FCC6848E8}.ReleaseTEST|x86.Build.0 = Release|Any CPU
		{C8958368-84A3-4292-BF65-6E1BB61C19D6}.Debug|Any CPU.ActiveCfg = Debug|Any CPU
		{C8958368-84A3-4292-BF65-6E1BB61C19D6}.Debug|Any CPU.Build.0 = Debug|Any CPU
		{C8958368-84A3-4292-BF65-6E1BB61C19D6}.Debug|x86.ActiveCfg = Debug|Any CPU
		{C8958368-84A3-4292-BF65-6E1BB61C19D6}.Debug|x86.Build.0 = Debug|Any CPU
		{C8958368-84A3-4292-BF65-6E1BB61C19D6}.DebugLocal|Any CPU.ActiveCfg = Debug|Any CPU
		{C8958368-84A3-4292-BF65-6E1BB61C19D6}.DebugLocal|Any CPU.Build.0 = Debug|Any CPU
		{C8958368-84A3-4292-BF65-6E1BB61C19D6}.DebugLocal|x86.ActiveCfg = Debug|Any CPU
		{C8958368-84A3-4292-BF65-6E1BB61C19D6}.DebugLocal|x86.Build.0 = Debug|Any CPU
		{C8958368-84A3-4292-BF65-6E1BB61C19D6}.Release|Any CPU.ActiveCfg = Release|Any CPU
		{C8958368-84A3-4292-BF65-6E1BB61C19D6}.Release|Any CPU.Build.0 = Release|Any CPU
		{C8958368-84A3-4292-BF65-6E1BB61C19D6}.Release|x86.ActiveCfg = Release|Any CPU
		{C8958368-84A3-4292-BF65-6E1BB61C19D6}.Release|x86.Build.0 = Release|Any CPU
		{C8958368-84A3-4292-BF65-6E1BB61C19D6}.ReleaseTEST|Any CPU.ActiveCfg = Release|Any CPU
		{C8958368-84A3-4292-BF65-6E1BB61C19D6}.ReleaseTEST|Any CPU.Build.0 = Release|Any CPU
		{C8958368-84A3-4292-BF65-6E1BB61C19D6}.ReleaseTEST|x86.ActiveCfg = Release|Any CPU
		{C8958368-84A3-4292-BF65-6E1BB61C19D6}.ReleaseTEST|x86.Build.0 = Release|Any CPU
		{6D98C06D-7A94-4BE5-932C-733DF4BFA391}.Debug|Any CPU.ActiveCfg = Debug|Any CPU
		{6D98C06D-7A94-4BE5-932C-733DF4BFA391}.Debug|Any CPU.Build.0 = Debug|Any CPU
		{6D98C06D-7A94-4BE5-932C-733DF4BFA391}.Debug|x86.ActiveCfg = Debug|Any CPU
		{6D98C06D-7A94-4BE5-932C-733DF4BFA391}.Debug|x86.Build.0 = Debug|Any CPU
		{6D98C06D-7A94-4BE5-932C-733DF4BFA391}.DebugLocal|Any CPU.ActiveCfg = Debug|Any CPU
		{6D98C06D-7A94-4BE5-932C-733DF4BFA391}.DebugLocal|Any CPU.Build.0 = Debug|Any CPU
		{6D98C06D-7A94-4BE5-932C-733DF4BFA391}.DebugLocal|x86.ActiveCfg = Debug|Any CPU
		{6D98C06D-7A94-4BE5-932C-733DF4BFA391}.DebugLocal|x86.Build.0 = Debug|Any CPU
		{6D98C06D-7A94-4BE5-932C-733DF4BFA391}.Release|Any CPU.ActiveCfg = Release|Any CPU
		{6D98C06D-7A94-4BE5-932C-733DF4BFA391}.Release|Any CPU.Build.0 = Release|Any CPU
		{6D98C06D-7A94-4BE5-932C-733DF4BFA391}.Release|x86.ActiveCfg = Release|Any CPU
		{6D98C06D-7A94-4BE5-932C-733DF4BFA391}.Release|x86.Build.0 = Release|Any CPU
		{6D98C06D-7A94-4BE5-932C-733DF4BFA391}.ReleaseTEST|Any CPU.ActiveCfg = Release|Any CPU
		{6D98C06D-7A94-4BE5-932C-733DF4BFA391}.ReleaseTEST|Any CPU.Build.0 = Release|Any CPU
		{6D98C06D-7A94-4BE5-932C-733DF4BFA391}.ReleaseTEST|x86.ActiveCfg = Release|Any CPU
		{6D98C06D-7A94-4BE5-932C-733DF4BFA391}.ReleaseTEST|x86.Build.0 = Release|Any CPU
		{C32736B8-267F-4DCA-AAAA-7D781855D141}.Debug|Any CPU.ActiveCfg = Debug|Any CPU
		{C32736B8-267F-4DCA-AAAA-7D781855D141}.Debug|Any CPU.Build.0 = Debug|Any CPU
		{C32736B8-267F-4DCA-AAAA-7D781855D141}.Debug|x86.ActiveCfg = Debug|Any CPU
		{C32736B8-267F-4DCA-AAAA-7D781855D141}.Debug|x86.Build.0 = Debug|Any CPU
		{C32736B8-267F-4DCA-AAAA-7D781855D141}.DebugLocal|Any CPU.ActiveCfg = Debug|Any CPU
		{C32736B8-267F-4DCA-AAAA-7D781855D141}.DebugLocal|Any CPU.Build.0 = Debug|Any CPU
		{C32736B8-267F-4DCA-AAAA-7D781855D141}.DebugLocal|x86.ActiveCfg = Debug|Any CPU
		{C32736B8-267F-4DCA-AAAA-7D781855D141}.DebugLocal|x86.Build.0 = Debug|Any CPU
		{C32736B8-267F-4DCA-AAAA-7D781855D141}.Release|Any CPU.ActiveCfg = Release|Any CPU
		{C32736B8-267F-4DCA-AAAA-7D781855D141}.Release|Any CPU.Build.0 = Release|Any CPU
		{C32736B8-267F-4DCA-AAAA-7D781855D141}.Release|x86.ActiveCfg = Release|Any CPU
		{C32736B8-267F-4DCA-AAAA-7D781855D141}.Release|x86.Build.0 = Release|Any CPU
		{C32736B8-267F-4DCA-AAAA-7D781855D141}.ReleaseTEST|Any CPU.ActiveCfg = Release|Any CPU
		{C32736B8-267F-4DCA-AAAA-7D781855D141}.ReleaseTEST|Any CPU.Build.0 = Release|Any CPU
		{C32736B8-267F-4DCA-AAAA-7D781855D141}.ReleaseTEST|x86.ActiveCfg = Release|Any CPU
		{C32736B8-267F-4DCA-AAAA-7D781855D141}.ReleaseTEST|x86.Build.0 = Release|Any CPU
		{D6C77639-1AA3-4BFC-9292-BF8BBEF84F14}.Debug|Any CPU.ActiveCfg = Debug|Any CPU
		{D6C77639-1AA3-4BFC-9292-BF8BBEF84F14}.Debug|Any CPU.Build.0 = Debug|Any CPU
		{D6C77639-1AA3-4BFC-9292-BF8BBEF84F14}.Debug|x86.ActiveCfg = Debug|Any CPU
		{D6C77639-1AA3-4BFC-9292-BF8BBEF84F14}.Debug|x86.Build.0 = Debug|Any CPU
		{D6C77639-1AA3-4BFC-9292-BF8BBEF84F14}.DebugLocal|Any CPU.ActiveCfg = Debug|Any CPU
		{D6C77639-1AA3-4BFC-9292-BF8BBEF84F14}.DebugLocal|Any CPU.Build.0 = Debug|Any CPU
		{D6C77639-1AA3-4BFC-9292-BF8BBEF84F14}.DebugLocal|x86.ActiveCfg = Debug|Any CPU
		{D6C77639-1AA3-4BFC-9292-BF8BBEF84F14}.DebugLocal|x86.Build.0 = Debug|Any CPU
		{D6C77639-1AA3-4BFC-9292-BF8BBEF84F14}.Release|Any CPU.ActiveCfg = Release|Any CPU
		{D6C77639-1AA3-4BFC-9292-BF8BBEF84F14}.Release|Any CPU.Build.0 = Release|Any CPU
		{D6C77639-1AA3-4BFC-9292-BF8BBEF84F14}.Release|x86.ActiveCfg = Release|Any CPU
		{D6C77639-1AA3-4BFC-9292-BF8BBEF84F14}.Release|x86.Build.0 = Release|Any CPU
		{D6C77639-1AA3-4BFC-9292-BF8BBEF84F14}.ReleaseTEST|Any CPU.ActiveCfg = Release|Any CPU
		{D6C77639-1AA3-4BFC-9292-BF8BBEF84F14}.ReleaseTEST|Any CPU.Build.0 = Release|Any CPU
		{D6C77639-1AA3-4BFC-9292-BF8BBEF84F14}.ReleaseTEST|x86.ActiveCfg = Release|Any CPU
		{D6C77639-1AA3-4BFC-9292-BF8BBEF84F14}.ReleaseTEST|x86.Build.0 = Release|Any CPU
		{33CA4A70-6B00-4045-9354-DC8EC1245465}.Debug|Any CPU.ActiveCfg = Debug|Any CPU
		{33CA4A70-6B00-4045-9354-DC8EC1245465}.Debug|x86.ActiveCfg = Debug|Any CPU
		{33CA4A70-6B00-4045-9354-DC8EC1245465}.Debug|x86.Build.0 = Debug|Any CPU
		{33CA4A70-6B00-4045-9354-DC8EC1245465}.DebugLocal|Any CPU.ActiveCfg = Debug|Any CPU
		{33CA4A70-6B00-4045-9354-DC8EC1245465}.DebugLocal|Any CPU.Build.0 = Debug|Any CPU
		{33CA4A70-6B00-4045-9354-DC8EC1245465}.DebugLocal|x86.ActiveCfg = Debug|Any CPU
		{33CA4A70-6B00-4045-9354-DC8EC1245465}.DebugLocal|x86.Build.0 = Debug|Any CPU
		{33CA4A70-6B00-4045-9354-DC8EC1245465}.Release|Any CPU.ActiveCfg = Release|Any CPU
		{33CA4A70-6B00-4045-9354-DC8EC1245465}.Release|x86.ActiveCfg = Release|Any CPU
		{33CA4A70-6B00-4045-9354-DC8EC1245465}.Release|x86.Build.0 = Release|Any CPU
		{33CA4A70-6B00-4045-9354-DC8EC1245465}.ReleaseTEST|Any CPU.ActiveCfg = Release|Any CPU
		{33CA4A70-6B00-4045-9354-DC8EC1245465}.ReleaseTEST|Any CPU.Build.0 = Release|Any CPU
		{33CA4A70-6B00-4045-9354-DC8EC1245465}.ReleaseTEST|x86.ActiveCfg = Release|Any CPU
		{33CA4A70-6B00-4045-9354-DC8EC1245465}.ReleaseTEST|x86.Build.0 = Release|Any CPU
		{F4647FD6-EADA-4F06-A551-1703AE98BB31}.Debug|Any CPU.ActiveCfg = Debug|Any CPU
		{F4647FD6-EADA-4F06-A551-1703AE98BB31}.Debug|x86.ActiveCfg = Debug|Any CPU
		{F4647FD6-EADA-4F06-A551-1703AE98BB31}.Debug|x86.Build.0 = Debug|Any CPU
		{F4647FD6-EADA-4F06-A551-1703AE98BB31}.DebugLocal|Any CPU.ActiveCfg = Debug|Any CPU
		{F4647FD6-EADA-4F06-A551-1703AE98BB31}.DebugLocal|Any CPU.Build.0 = Debug|Any CPU
		{F4647FD6-EADA-4F06-A551-1703AE98BB31}.DebugLocal|x86.ActiveCfg = Debug|Any CPU
		{F4647FD6-EADA-4F06-A551-1703AE98BB31}.DebugLocal|x86.Build.0 = Debug|Any CPU
		{F4647FD6-EADA-4F06-A551-1703AE98BB31}.Release|Any CPU.ActiveCfg = Release|Any CPU
		{F4647FD6-EADA-4F06-A551-1703AE98BB31}.Release|x86.ActiveCfg = Release|Any CPU
		{F4647FD6-EADA-4F06-A551-1703AE98BB31}.Release|x86.Build.0 = Release|Any CPU
		{F4647FD6-EADA-4F06-A551-1703AE98BB31}.ReleaseTEST|Any CPU.ActiveCfg = Release|Any CPU
		{F4647FD6-EADA-4F06-A551-1703AE98BB31}.ReleaseTEST|Any CPU.Build.0 = Release|Any CPU
		{F4647FD6-EADA-4F06-A551-1703AE98BB31}.ReleaseTEST|x86.ActiveCfg = Release|Any CPU
		{F4647FD6-EADA-4F06-A551-1703AE98BB31}.ReleaseTEST|x86.Build.0 = Release|Any CPU
		{B451DE04-3176-4EC5-81E7-01513DE63E36}.Debug|Any CPU.ActiveCfg = Debug|Any CPU
		{B451DE04-3176-4EC5-81E7-01513DE63E36}.Debug|Any CPU.Build.0 = Debug|Any CPU
		{B451DE04-3176-4EC5-81E7-01513DE63E36}.Debug|x86.ActiveCfg = Debug|Any CPU
		{B451DE04-3176-4EC5-81E7-01513DE63E36}.Debug|x86.Build.0 = Debug|Any CPU
		{B451DE04-3176-4EC5-81E7-01513DE63E36}.DebugLocal|Any CPU.ActiveCfg = Debug|Any CPU
		{B451DE04-3176-4EC5-81E7-01513DE63E36}.DebugLocal|Any CPU.Build.0 = Debug|Any CPU
		{B451DE04-3176-4EC5-81E7-01513DE63E36}.DebugLocal|x86.ActiveCfg = Debug|Any CPU
		{B451DE04-3176-4EC5-81E7-01513DE63E36}.DebugLocal|x86.Build.0 = Debug|Any CPU
		{B451DE04-3176-4EC5-81E7-01513DE63E36}.Release|Any CPU.ActiveCfg = Release|Any CPU
		{B451DE04-3176-4EC5-81E7-01513DE63E36}.Release|Any CPU.Build.0 = Release|Any CPU
		{B451DE04-3176-4EC5-81E7-01513DE63E36}.Release|x86.ActiveCfg = Release|Any CPU
		{B451DE04-3176-4EC5-81E7-01513DE63E36}.Release|x86.Build.0 = Release|Any CPU
		{B451DE04-3176-4EC5-81E7-01513DE63E36}.ReleaseTEST|Any CPU.ActiveCfg = Release|Any CPU
		{B451DE04-3176-4EC5-81E7-01513DE63E36}.ReleaseTEST|Any CPU.Build.0 = Release|Any CPU
		{B451DE04-3176-4EC5-81E7-01513DE63E36}.ReleaseTEST|x86.ActiveCfg = Release|Any CPU
		{B451DE04-3176-4EC5-81E7-01513DE63E36}.ReleaseTEST|x86.Build.0 = Release|Any CPU
		{3C3A0FA4-C9A4-4B85-A1BC-428A399F6B24}.Debug|Any CPU.ActiveCfg = Debug|Any CPU
		{3C3A0FA4-C9A4-4B85-A1BC-428A399F6B24}.Debug|Any CPU.Build.0 = Debug|Any CPU
		{3C3A0FA4-C9A4-4B85-A1BC-428A399F6B24}.Debug|x86.ActiveCfg = Debug|Any CPU
		{3C3A0FA4-C9A4-4B85-A1BC-428A399F6B24}.Debug|x86.Build.0 = Debug|Any CPU
		{3C3A0FA4-C9A4-4B85-A1BC-428A399F6B24}.DebugLocal|Any CPU.ActiveCfg = Debug|Any CPU
		{3C3A0FA4-C9A4-4B85-A1BC-428A399F6B24}.DebugLocal|Any CPU.Build.0 = Debug|Any CPU
		{3C3A0FA4-C9A4-4B85-A1BC-428A399F6B24}.DebugLocal|x86.ActiveCfg = Debug|Any CPU
		{3C3A0FA4-C9A4-4B85-A1BC-428A399F6B24}.DebugLocal|x86.Build.0 = Debug|Any CPU
		{3C3A0FA4-C9A4-4B85-A1BC-428A399F6B24}.Release|Any CPU.ActiveCfg = Release|Any CPU
		{3C3A0FA4-C9A4-4B85-A1BC-428A399F6B24}.Release|Any CPU.Build.0 = Release|Any CPU
		{3C3A0FA4-C9A4-4B85-A1BC-428A399F6B24}.Release|x86.ActiveCfg = Release|Any CPU
		{3C3A0FA4-C9A4-4B85-A1BC-428A399F6B24}.Release|x86.Build.0 = Release|Any CPU
		{3C3A0FA4-C9A4-4B85-A1BC-428A399F6B24}.ReleaseTEST|Any CPU.ActiveCfg = Release|Any CPU
		{3C3A0FA4-C9A4-4B85-A1BC-428A399F6B24}.ReleaseTEST|Any CPU.Build.0 = Release|Any CPU
		{3C3A0FA4-C9A4-4B85-A1BC-428A399F6B24}.ReleaseTEST|x86.ActiveCfg = Release|Any CPU
		{3C3A0FA4-C9A4-4B85-A1BC-428A399F6B24}.ReleaseTEST|x86.Build.0 = Release|Any CPU
		{646E7A4B-2205-4FA8-BDEF-BC04607F73F2}.Debug|Any CPU.ActiveCfg = Debug|Any CPU
		{646E7A4B-2205-4FA8-BDEF-BC04607F73F2}.Debug|Any CPU.Build.0 = Debug|Any CPU
		{646E7A4B-2205-4FA8-BDEF-BC04607F73F2}.Debug|x86.ActiveCfg = Debug|Any CPU
		{646E7A4B-2205-4FA8-BDEF-BC04607F73F2}.Debug|x86.Build.0 = Debug|Any CPU
		{646E7A4B-2205-4FA8-BDEF-BC04607F73F2}.DebugLocal|Any CPU.ActiveCfg = Debug|Any CPU
		{646E7A4B-2205-4FA8-BDEF-BC04607F73F2}.DebugLocal|Any CPU.Build.0 = Debug|Any CPU
		{646E7A4B-2205-4FA8-BDEF-BC04607F73F2}.DebugLocal|x86.ActiveCfg = Debug|Any CPU
		{646E7A4B-2205-4FA8-BDEF-BC04607F73F2}.DebugLocal|x86.Build.0 = Debug|Any CPU
		{646E7A4B-2205-4FA8-BDEF-BC04607F73F2}.Release|Any CPU.ActiveCfg = Release|Any CPU
		{646E7A4B-2205-4FA8-BDEF-BC04607F73F2}.Release|Any CPU.Build.0 = Release|Any CPU
		{646E7A4B-2205-4FA8-BDEF-BC04607F73F2}.Release|x86.ActiveCfg = Release|Any CPU
		{646E7A4B-2205-4FA8-BDEF-BC04607F73F2}.Release|x86.Build.0 = Release|Any CPU
		{646E7A4B-2205-4FA8-BDEF-BC04607F73F2}.ReleaseTEST|Any CPU.ActiveCfg = Release|Any CPU
		{646E7A4B-2205-4FA8-BDEF-BC04607F73F2}.ReleaseTEST|Any CPU.Build.0 = Release|Any CPU
		{646E7A4B-2205-4FA8-BDEF-BC04607F73F2}.ReleaseTEST|x86.ActiveCfg = Release|Any CPU
		{646E7A4B-2205-4FA8-BDEF-BC04607F73F2}.ReleaseTEST|x86.Build.0 = Release|Any CPU
		{CBFD5E69-2EE6-4A6C-AC1B-A5E5223D1C67}.Debug|Any CPU.ActiveCfg = Debug
		{CBFD5E69-2EE6-4A6C-AC1B-A5E5223D1C67}.Debug|x86.ActiveCfg = Debug
		{CBFD5E69-2EE6-4A6C-AC1B-A5E5223D1C67}.DebugLocal|Any CPU.ActiveCfg = Debug
		{CBFD5E69-2EE6-4A6C-AC1B-A5E5223D1C67}.DebugLocal|x86.ActiveCfg = Debug
		{CBFD5E69-2EE6-4A6C-AC1B-A5E5223D1C67}.DebugLocal|x86.Build.0 = Debug
		{CBFD5E69-2EE6-4A6C-AC1B-A5E5223D1C67}.Release|Any CPU.ActiveCfg = Release
		{CBFD5E69-2EE6-4A6C-AC1B-A5E5223D1C67}.Release|x86.ActiveCfg = Release
		{CBFD5E69-2EE6-4A6C-AC1B-A5E5223D1C67}.ReleaseTEST|Any CPU.ActiveCfg = Release
		{CBFD5E69-2EE6-4A6C-AC1B-A5E5223D1C67}.ReleaseTEST|Any CPU.Build.0 = Release
		{CBFD5E69-2EE6-4A6C-AC1B-A5E5223D1C67}.ReleaseTEST|x86.ActiveCfg = Release
		{CBFD5E69-2EE6-4A6C-AC1B-A5E5223D1C67}.ReleaseTEST|x86.Build.0 = Release
		{841CF5A2-0E31-4242-8304-57E862E404F8}.Debug|Any CPU.ActiveCfg = Debug
		{841CF5A2-0E31-4242-8304-57E862E404F8}.Debug|x86.ActiveCfg = Debug
		{841CF5A2-0E31-4242-8304-57E862E404F8}.DebugLocal|Any CPU.ActiveCfg = Debug
		{841CF5A2-0E31-4242-8304-57E862E404F8}.DebugLocal|x86.ActiveCfg = Debug
		{841CF5A2-0E31-4242-8304-57E862E404F8}.DebugLocal|x86.Build.0 = Debug
		{841CF5A2-0E31-4242-8304-57E862E404F8}.Release|Any CPU.ActiveCfg = Release
		{841CF5A2-0E31-4242-8304-57E862E404F8}.Release|x86.ActiveCfg = Release
		{841CF5A2-0E31-4242-8304-57E862E404F8}.ReleaseTEST|Any CPU.ActiveCfg = Release
		{841CF5A2-0E31-4242-8304-57E862E404F8}.ReleaseTEST|Any CPU.Build.0 = Release
		{841CF5A2-0E31-4242-8304-57E862E404F8}.ReleaseTEST|x86.ActiveCfg = Release
		{841CF5A2-0E31-4242-8304-57E862E404F8}.ReleaseTEST|x86.Build.0 = Release
		{2B0B0EC8-3850-4786-B423-E9BD545186AB}.Debug|Any CPU.ActiveCfg = Debug|Any CPU
		{2B0B0EC8-3850-4786-B423-E9BD545186AB}.Debug|Any CPU.Build.0 = Debug|Any CPU
		{2B0B0EC8-3850-4786-B423-E9BD545186AB}.Debug|x86.ActiveCfg = Debug|Any CPU
		{2B0B0EC8-3850-4786-B423-E9BD545186AB}.Debug|x86.Build.0 = Debug|Any CPU
		{2B0B0EC8-3850-4786-B423-E9BD545186AB}.DebugLocal|Any CPU.ActiveCfg = Debug|Any CPU
		{2B0B0EC8-3850-4786-B423-E9BD545186AB}.DebugLocal|Any CPU.Build.0 = Debug|Any CPU
		{2B0B0EC8-3850-4786-B423-E9BD545186AB}.DebugLocal|x86.ActiveCfg = Debug|Any CPU
		{2B0B0EC8-3850-4786-B423-E9BD545186AB}.DebugLocal|x86.Build.0 = Debug|Any CPU
		{2B0B0EC8-3850-4786-B423-E9BD545186AB}.Release|Any CPU.ActiveCfg = Release|Any CPU
		{2B0B0EC8-3850-4786-B423-E9BD545186AB}.Release|Any CPU.Build.0 = Release|Any CPU
		{2B0B0EC8-3850-4786-B423-E9BD545186AB}.Release|x86.ActiveCfg = Release|Any CPU
		{2B0B0EC8-3850-4786-B423-E9BD545186AB}.Release|x86.Build.0 = Release|Any CPU
		{2B0B0EC8-3850-4786-B423-E9BD545186AB}.ReleaseTEST|Any CPU.ActiveCfg = Release|Any CPU
		{2B0B0EC8-3850-4786-B423-E9BD545186AB}.ReleaseTEST|Any CPU.Build.0 = Release|Any CPU
		{2B0B0EC8-3850-4786-B423-E9BD545186AB}.ReleaseTEST|x86.ActiveCfg = Release|Any CPU
		{2B0B0EC8-3850-4786-B423-E9BD545186AB}.ReleaseTEST|x86.Build.0 = Release|Any CPU
		{8736BDFF-E939-46FC-9502-9F319C46CA8A}.Debug|Any CPU.ActiveCfg = Debug|Any CPU
		{8736BDFF-E939-46FC-9502-9F319C46CA8A}.Debug|Any CPU.Build.0 = Debug|Any CPU
		{8736BDFF-E939-46FC-9502-9F319C46CA8A}.Debug|x86.ActiveCfg = Debug|Any CPU
		{8736BDFF-E939-46FC-9502-9F319C46CA8A}.Debug|x86.Build.0 = Debug|Any CPU
		{8736BDFF-E939-46FC-9502-9F319C46CA8A}.DebugLocal|Any CPU.ActiveCfg = Debug|Any CPU
		{8736BDFF-E939-46FC-9502-9F319C46CA8A}.DebugLocal|Any CPU.Build.0 = Debug|Any CPU
		{8736BDFF-E939-46FC-9502-9F319C46CA8A}.DebugLocal|x86.ActiveCfg = Debug|Any CPU
		{8736BDFF-E939-46FC-9502-9F319C46CA8A}.DebugLocal|x86.Build.0 = Debug|Any CPU
		{8736BDFF-E939-46FC-9502-9F319C46CA8A}.Release|Any CPU.ActiveCfg = Release|Any CPU
		{8736BDFF-E939-46FC-9502-9F319C46CA8A}.Release|x86.ActiveCfg = Release|Any CPU
		{8736BDFF-E939-46FC-9502-9F319C46CA8A}.Release|x86.Build.0 = Release|Any CPU
		{8736BDFF-E939-46FC-9502-9F319C46CA8A}.ReleaseTEST|Any CPU.ActiveCfg = Release|Any CPU
		{8736BDFF-E939-46FC-9502-9F319C46CA8A}.ReleaseTEST|Any CPU.Build.0 = Release|Any CPU
		{8736BDFF-E939-46FC-9502-9F319C46CA8A}.ReleaseTEST|x86.ActiveCfg = Release|Any CPU
		{8736BDFF-E939-46FC-9502-9F319C46CA8A}.ReleaseTEST|x86.Build.0 = Release|Any CPU
		{775EE088-52C1-4B90-B091-9A780B836A8E}.Debug|Any CPU.ActiveCfg = Debug
		{775EE088-52C1-4B90-B091-9A780B836A8E}.Debug|x86.ActiveCfg = Debug
		{775EE088-52C1-4B90-B091-9A780B836A8E}.DebugLocal|Any CPU.ActiveCfg = Debug
		{775EE088-52C1-4B90-B091-9A780B836A8E}.DebugLocal|x86.ActiveCfg = Debug
		{775EE088-52C1-4B90-B091-9A780B836A8E}.DebugLocal|x86.Build.0 = Debug
		{775EE088-52C1-4B90-B091-9A780B836A8E}.Release|Any CPU.ActiveCfg = Release
		{775EE088-52C1-4B90-B091-9A780B836A8E}.Release|x86.ActiveCfg = Release
		{775EE088-52C1-4B90-B091-9A780B836A8E}.ReleaseTEST|Any CPU.ActiveCfg = Release
		{775EE088-52C1-4B90-B091-9A780B836A8E}.ReleaseTEST|Any CPU.Build.0 = Release
		{775EE088-52C1-4B90-B091-9A780B836A8E}.ReleaseTEST|x86.ActiveCfg = Release
		{775EE088-52C1-4B90-B091-9A780B836A8E}.ReleaseTEST|x86.Build.0 = Release
		{24EF1AB1-97E7-46AE-9B9F-2108503E5436}.Debug|Any CPU.ActiveCfg = Debug|Any CPU
		{24EF1AB1-97E7-46AE-9B9F-2108503E5436}.Debug|Any CPU.Build.0 = Debug|Any CPU
		{24EF1AB1-97E7-46AE-9B9F-2108503E5436}.Debug|x86.ActiveCfg = Debug|Any CPU
		{24EF1AB1-97E7-46AE-9B9F-2108503E5436}.Debug|x86.Build.0 = Debug|Any CPU
		{24EF1AB1-97E7-46AE-9B9F-2108503E5436}.DebugLocal|Any CPU.ActiveCfg = Debug|Any CPU
		{24EF1AB1-97E7-46AE-9B9F-2108503E5436}.DebugLocal|Any CPU.Build.0 = Debug|Any CPU
		{24EF1AB1-97E7-46AE-9B9F-2108503E5436}.DebugLocal|x86.ActiveCfg = Debug|Any CPU
		{24EF1AB1-97E7-46AE-9B9F-2108503E5436}.DebugLocal|x86.Build.0 = Debug|Any CPU
		{24EF1AB1-97E7-46AE-9B9F-2108503E5436}.Release|Any CPU.ActiveCfg = Release|Any CPU
		{24EF1AB1-97E7-46AE-9B9F-2108503E5436}.Release|Any CPU.Build.0 = Release|Any CPU
		{24EF1AB1-97E7-46AE-9B9F-2108503E5436}.Release|x86.ActiveCfg = Release|Any CPU
		{24EF1AB1-97E7-46AE-9B9F-2108503E5436}.Release|x86.Build.0 = Release|Any CPU
		{24EF1AB1-97E7-46AE-9B9F-2108503E5436}.ReleaseTEST|Any CPU.ActiveCfg = Release|Any CPU
		{24EF1AB1-97E7-46AE-9B9F-2108503E5436}.ReleaseTEST|Any CPU.Build.0 = Release|Any CPU
		{24EF1AB1-97E7-46AE-9B9F-2108503E5436}.ReleaseTEST|x86.ActiveCfg = Release|Any CPU
		{24EF1AB1-97E7-46AE-9B9F-2108503E5436}.ReleaseTEST|x86.Build.0 = Release|Any CPU
		{14CE5FEE-AF7B-4262-A99F-3B9C3E723FB7}.Debug|Any CPU.ActiveCfg = Debug|Any CPU
		{14CE5FEE-AF7B-4262-A99F-3B9C3E723FB7}.Debug|Any CPU.Build.0 = Debug|Any CPU
		{14CE5FEE-AF7B-4262-A99F-3B9C3E723FB7}.Debug|x86.ActiveCfg = Debug|Any CPU
		{14CE5FEE-AF7B-4262-A99F-3B9C3E723FB7}.Debug|x86.Build.0 = Debug|Any CPU
		{14CE5FEE-AF7B-4262-A99F-3B9C3E723FB7}.DebugLocal|Any CPU.ActiveCfg = Debug|Any CPU
		{14CE5FEE-AF7B-4262-A99F-3B9C3E723FB7}.DebugLocal|Any CPU.Build.0 = Debug|Any CPU
		{14CE5FEE-AF7B-4262-A99F-3B9C3E723FB7}.DebugLocal|x86.ActiveCfg = Debug|Any CPU
		{14CE5FEE-AF7B-4262-A99F-3B9C3E723FB7}.DebugLocal|x86.Build.0 = Debug|Any CPU
		{14CE5FEE-AF7B-4262-A99F-3B9C3E723FB7}.Release|Any CPU.ActiveCfg = Release|Any CPU
		{14CE5FEE-AF7B-4262-A99F-3B9C3E723FB7}.Release|Any CPU.Build.0 = Release|Any CPU
		{14CE5FEE-AF7B-4262-A99F-3B9C3E723FB7}.Release|x86.ActiveCfg = Release|Any CPU
		{14CE5FEE-AF7B-4262-A99F-3B9C3E723FB7}.Release|x86.Build.0 = Release|Any CPU
		{14CE5FEE-AF7B-4262-A99F-3B9C3E723FB7}.ReleaseTEST|Any CPU.ActiveCfg = Release|Any CPU
		{14CE5FEE-AF7B-4262-A99F-3B9C3E723FB7}.ReleaseTEST|Any CPU.Build.0 = Release|Any CPU
		{14CE5FEE-AF7B-4262-A99F-3B9C3E723FB7}.ReleaseTEST|x86.ActiveCfg = Release|Any CPU
		{14CE5FEE-AF7B-4262-A99F-3B9C3E723FB7}.ReleaseTEST|x86.Build.0 = Release|Any CPU
		{F0AD10CA-C138-469E-8A99-CB12B3D364A2}.Debug|Any CPU.ActiveCfg = Debug|Any CPU
		{F0AD10CA-C138-469E-8A99-CB12B3D364A2}.Debug|Any CPU.Build.0 = Debug|Any CPU
		{F0AD10CA-C138-469E-8A99-CB12B3D364A2}.Debug|x86.ActiveCfg = Debug|x86
		{F0AD10CA-C138-469E-8A99-CB12B3D364A2}.Debug|x86.Build.0 = Debug|x86
		{F0AD10CA-C138-469E-8A99-CB12B3D364A2}.DebugLocal|Any CPU.ActiveCfg = DebugLocal|Any CPU
		{F0AD10CA-C138-469E-8A99-CB12B3D364A2}.DebugLocal|Any CPU.Build.0 = DebugLocal|Any CPU
		{F0AD10CA-C138-469E-8A99-CB12B3D364A2}.DebugLocal|x86.ActiveCfg = DebugLocal|x86
		{F0AD10CA-C138-469E-8A99-CB12B3D364A2}.DebugLocal|x86.Build.0 = DebugLocal|x86
		{F0AD10CA-C138-469E-8A99-CB12B3D364A2}.Release|Any CPU.ActiveCfg = Release|Any CPU
		{F0AD10CA-C138-469E-8A99-CB12B3D364A2}.Release|Any CPU.Build.0 = Release|Any CPU
		{F0AD10CA-C138-469E-8A99-CB12B3D364A2}.Release|x86.ActiveCfg = Release|x86
		{F0AD10CA-C138-469E-8A99-CB12B3D364A2}.Release|x86.Build.0 = Release|x86
		{F0AD10CA-C138-469E-8A99-CB12B3D364A2}.ReleaseTEST|Any CPU.ActiveCfg = ReleaseTEST|Any CPU
		{F0AD10CA-C138-469E-8A99-CB12B3D364A2}.ReleaseTEST|Any CPU.Build.0 = ReleaseTEST|Any CPU
		{F0AD10CA-C138-469E-8A99-CB12B3D364A2}.ReleaseTEST|x86.ActiveCfg = ReleaseTEST|x86
		{F0AD10CA-C138-469E-8A99-CB12B3D364A2}.ReleaseTEST|x86.Build.0 = ReleaseTEST|x86
		{93446D31-2A0C-4AD4-8572-C56B5D2B2C4D}.Debug|Any CPU.ActiveCfg = Debug|Any CPU
		{93446D31-2A0C-4AD4-8572-C56B5D2B2C4D}.Debug|x86.ActiveCfg = Debug|Any CPU
		{93446D31-2A0C-4AD4-8572-C56B5D2B2C4D}.Debug|x86.Build.0 = Debug|Any CPU
		{93446D31-2A0C-4AD4-8572-C56B5D2B2C4D}.DebugLocal|Any CPU.ActiveCfg = Debug|Any CPU
		{93446D31-2A0C-4AD4-8572-C56B5D2B2C4D}.DebugLocal|x86.ActiveCfg = Debug|Any CPU
		{93446D31-2A0C-4AD4-8572-C56B5D2B2C4D}.DebugLocal|x86.Build.0 = Debug|Any CPU
		{93446D31-2A0C-4AD4-8572-C56B5D2B2C4D}.Release|Any CPU.ActiveCfg = Release|Any CPU
		{93446D31-2A0C-4AD4-8572-C56B5D2B2C4D}.Release|x86.ActiveCfg = Release|Any CPU
		{93446D31-2A0C-4AD4-8572-C56B5D2B2C4D}.Release|x86.Build.0 = Release|Any CPU
		{93446D31-2A0C-4AD4-8572-C56B5D2B2C4D}.ReleaseTEST|Any CPU.ActiveCfg = Release|Any CPU
		{93446D31-2A0C-4AD4-8572-C56B5D2B2C4D}.ReleaseTEST|Any CPU.Build.0 = Release|Any CPU
		{93446D31-2A0C-4AD4-8572-C56B5D2B2C4D}.ReleaseTEST|x86.ActiveCfg = Release|Any CPU
		{93446D31-2A0C-4AD4-8572-C56B5D2B2C4D}.ReleaseTEST|x86.Build.0 = Release|Any CPU
		{AEEBE63E-0201-4709-9F09-5A8E00A9DC21}.Debug|Any CPU.ActiveCfg = Debug|Any CPU
		{AEEBE63E-0201-4709-9F09-5A8E00A9DC21}.Debug|Any CPU.Build.0 = Debug|Any CPU
		{AEEBE63E-0201-4709-9F09-5A8E00A9DC21}.Debug|x86.ActiveCfg = Debug|Any CPU
		{AEEBE63E-0201-4709-9F09-5A8E00A9DC21}.Debug|x86.Build.0 = Debug|Any CPU
		{AEEBE63E-0201-4709-9F09-5A8E00A9DC21}.DebugLocal|Any CPU.ActiveCfg = Debug|Any CPU
		{AEEBE63E-0201-4709-9F09-5A8E00A9DC21}.DebugLocal|Any CPU.Build.0 = Debug|Any CPU
		{AEEBE63E-0201-4709-9F09-5A8E00A9DC21}.DebugLocal|x86.ActiveCfg = Debug|Any CPU
		{AEEBE63E-0201-4709-9F09-5A8E00A9DC21}.DebugLocal|x86.Build.0 = Debug|Any CPU
		{AEEBE63E-0201-4709-9F09-5A8E00A9DC21}.Release|Any CPU.ActiveCfg = Release|Any CPU
		{AEEBE63E-0201-4709-9F09-5A8E00A9DC21}.Release|Any CPU.Build.0 = Release|Any CPU
		{AEEBE63E-0201-4709-9F09-5A8E00A9DC21}.Release|x86.ActiveCfg = Release|Any CPU
		{AEEBE63E-0201-4709-9F09-5A8E00A9DC21}.Release|x86.Build.0 = Release|Any CPU
		{AEEBE63E-0201-4709-9F09-5A8E00A9DC21}.ReleaseTEST|Any CPU.ActiveCfg = Release|Any CPU
		{AEEBE63E-0201-4709-9F09-5A8E00A9DC21}.ReleaseTEST|Any CPU.Build.0 = Release|Any CPU
		{AEEBE63E-0201-4709-9F09-5A8E00A9DC21}.ReleaseTEST|x86.ActiveCfg = Release|Any CPU
		{AEEBE63E-0201-4709-9F09-5A8E00A9DC21}.ReleaseTEST|x86.Build.0 = Release|Any CPU
		{4DCC3108-EDB9-4A36-983E-A1A210CED1DF}.Debug|Any CPU.ActiveCfg = Debug|Any CPU
		{4DCC3108-EDB9-4A36-983E-A1A210CED1DF}.Debug|Any CPU.Build.0 = Debug|Any CPU
		{4DCC3108-EDB9-4A36-983E-A1A210CED1DF}.Debug|x86.ActiveCfg = Debug|Any CPU
		{4DCC3108-EDB9-4A36-983E-A1A210CED1DF}.Debug|x86.Build.0 = Debug|Any CPU
		{4DCC3108-EDB9-4A36-983E-A1A210CED1DF}.DebugLocal|Any CPU.ActiveCfg = Debug|Any CPU
		{4DCC3108-EDB9-4A36-983E-A1A210CED1DF}.DebugLocal|Any CPU.Build.0 = Debug|Any CPU
		{4DCC3108-EDB9-4A36-983E-A1A210CED1DF}.DebugLocal|x86.ActiveCfg = Debug|Any CPU
		{4DCC3108-EDB9-4A36-983E-A1A210CED1DF}.DebugLocal|x86.Build.0 = Debug|Any CPU
		{4DCC3108-EDB9-4A36-983E-A1A210CED1DF}.Release|Any CPU.ActiveCfg = Release|Any CPU
		{4DCC3108-EDB9-4A36-983E-A1A210CED1DF}.Release|Any CPU.Build.0 = Release|Any CPU
		{4DCC3108-EDB9-4A36-983E-A1A210CED1DF}.Release|x86.ActiveCfg = Release|Any CPU
		{4DCC3108-EDB9-4A36-983E-A1A210CED1DF}.Release|x86.Build.0 = Release|Any CPU
		{4DCC3108-EDB9-4A36-983E-A1A210CED1DF}.ReleaseTEST|Any CPU.ActiveCfg = Release|Any CPU
		{4DCC3108-EDB9-4A36-983E-A1A210CED1DF}.ReleaseTEST|Any CPU.Build.0 = Release|Any CPU
		{4DCC3108-EDB9-4A36-983E-A1A210CED1DF}.ReleaseTEST|x86.ActiveCfg = Release|Any CPU
		{4DCC3108-EDB9-4A36-983E-A1A210CED1DF}.ReleaseTEST|x86.Build.0 = Release|Any CPU
	EndGlobalSection
	GlobalSection(SolutionProperties) = preSolution
		HideSolutionNode = FALSE
	EndGlobalSection
	GlobalSection(ExtensibilityGlobals) = postSolution
		SolutionGuid = {FEA1112B-613D-473D-A5F7-60D3E5D39115}
	EndGlobalSection
EndGlobal
